
Microsoft Visual Studio Solution File, Format Version 12.00
# Visual Studio Version 17
VisualStudioVersion = 17.0.31903.59
MinimumVisualStudioVersion = 10.0.40219.1
Project("{FAE04EC0-301F-11D3-BF4B-00C04F79EFBC}") = "Marketplace.Core", "Marketplace.Core\Marketplace.Core.csproj", "{764333F5-88BC-428B-830A-5E4FFEF947CF}"
EndProject
Project("{FAE04EC0-301F-11D3-BF4B-00C04F79EFBC}") = "Marketplace.Api", "Marketplace.Api\Marketplace.Api.csproj", "{649820CB-9499-4E78-A639-C894F0650972}"
EndProject
Project("{FAE04EC0-301F-11D3-BF4B-00C04F79EFBC}") = "Marketplace.Testing", "Marketplace.Testing\Marketplace.Testing.csproj", "{8DD340D4-1232-4254-943C-E170B3BBF27C}"
EndProject
Global
	GlobalSection(SolutionConfigurationPlatforms) = preSolution
		Debug|Any CPU = Debug|Any CPU
		Debug|x64 = Debug|x64
		Debug|x86 = Debug|x86
		Release|Any CPU = Release|Any CPU
		Release|x64 = Release|x64
		Release|x86 = Release|x86
	EndGlobalSection
	GlobalSection(ProjectConfigurationPlatforms) = postSolution
		{764333F5-88BC-428B-830A-5E4FFEF947CF}.Debug|Any CPU.ActiveCfg = Debug|Any CPU
		{764333F5-88BC-428B-830A-5E4FFEF947CF}.Debug|Any CPU.Build.0 = Debug|Any CPU
		{764333F5-88BC-428B-830A-5E4FFEF947CF}.Debug|x64.ActiveCfg = Debug|Any CPU
		{764333F5-88BC-428B-830A-5E4FFEF947CF}.Debug|x64.Build.0 = Debug|Any CPU
		{764333F5-88BC-428B-830A-5E4FFEF947CF}.Debug|x86.ActiveCfg = Debug|Any CPU
		{764333F5-88BC-428B-830A-5E4FFEF947CF}.Debug|x86.Build.0 = Debug|Any CPU
		{764333F5-88BC-428B-830A-5E4FFEF947CF}.Release|Any CPU.ActiveCfg = Release|Any CPU
		{764333F5-88BC-428B-830A-5E4FFEF947CF}.Release|Any CPU.Build.0 = Release|Any CPU
		{764333F5-88BC-428B-830A-5E4FFEF947CF}.Release|x64.ActiveCfg = Release|Any CPU
		{764333F5-88BC-428B-830A-5E4FFEF947CF}.Release|x64.Build.0 = Release|Any CPU
		{764333F5-88BC-428B-830A-5E4FFEF947CF}.Release|x86.ActiveCfg = Release|Any CPU
		{764333F5-88BC-428B-830A-5E4FFEF947CF}.Release|x86.Build.0 = Release|Any CPU
		{649820CB-9499-4E78-A639-C894F0650972}.Debug|Any CPU.ActiveCfg = Debug|Any CPU
		{649820CB-9499-4E78-A639-C894F0650972}.Debug|Any CPU.Build.0 = Debug|Any CPU
		{649820CB-9499-4E78-A639-C894F0650972}.Debug|x64.ActiveCfg = Debug|Any CPU
		{649820CB-9499-4E78-A639-C894F0650972}.Debug|x64.Build.0 = Debug|Any CPU
		{649820CB-9499-4E78-A639-C894F0650972}.Debug|x86.ActiveCfg = Debug|Any CPU
		{649820CB-9499-4E78-A639-C894F0650972}.Debug|x86.Build.0 = Debug|Any CPU
		{649820CB-9499-4E78-A639-C894F0650972}.Release|Any CPU.ActiveCfg = Release|Any CPU
		{649820CB-9499-4E78-A639-C894F0650972}.Release|Any CPU.Build.0 = Release|Any CPU
		{649820CB-9499-4E78-A639-C894F0650972}.Release|x64.ActiveCfg = Release|Any CPU
		{649820CB-9499-4E78-A639-C894F0650972}.Release|x64.Build.0 = Release|Any CPU
		{649820CB-9499-4E78-A639-C894F0650972}.Release|x86.ActiveCfg = Release|Any CPU
		{649820CB-9499-4E78-A639-C894F0650972}.Release|x86.Build.0 = Release|Any CPU
		{8DD340D4-1232-4254-943C-E170B3BBF27C}.Debug|Any CPU.ActiveCfg = Debug|Any CPU
		{8DD340D4-1232-4254-943C-E170B3BBF27C}.Debug|Any CPU.Build.0 = Debug|Any CPU
		{8DD340D4-1232-4254-943C-E170B3BBF27C}.Debug|x64.ActiveCfg = Debug|Any CPU
		{8DD340D4-1232-4254-943C-E170B3BBF27C}.Debug|x64.Build.0 = Debug|Any CPU
		{8DD340D4-1232-4254-943C-E170B3BBF27C}.Debug|x86.ActiveCfg = Debug|Any CPU
		{8DD340D4-1232-4254-943C-E170B3BBF27C}.Debug|x86.Build.0 = Debug|Any CPU
		{8DD340D4-1232-4254-943C-E170B3BBF27C}.Release|Any CPU.ActiveCfg = Release|Any CPU
		{8DD340D4-1232-4254-943C-E170B3BBF27C}.Release|Any CPU.Build.0 = Release|Any CPU
		{8DD340D4-1232-4254-943C-E170B3BBF27C}.Release|x64.ActiveCfg = Release|Any CPU
		{8DD340D4-1232-4254-943C-E170B3BBF27C}.Release|x64.Build.0 = Release|Any CPU
		{8DD340D4-1232-4254-943C-E170B3BBF27C}.Release|x86.ActiveCfg = Release|Any CPU
		{8DD340D4-1232-4254-943C-E170B3BBF27C}.Release|x86.Build.0 = Release|Any CPU
	EndGlobalSection
	GlobalSection(SolutionProperties) = preSolution
		HideSolutionNode = FALSE
	EndGlobalSection
EndGlobal
